
Microsoft Visual Studio Solution File, Format Version 12.00
# Visual Studio 15
VisualStudioVersion = 15.0.28307.1321
MinimumVisualStudioVersion = 10.0.40219.1
Project("{FAE04EC0-301F-11D3-BF4B-00C04F79EFBC}") = "CarWash.Web", "CarWash.Web\CarWash.Web.csproj", "{D0D2ECC4-5309-4448-85F4-AC880F769FA1}"
EndProject
Global
	GlobalSection(SolutionConfigurationPlatforms) = preSolution
		Debug|Any CPU = Debug|Any CPU
		Release|Any CPU = Release|Any CPU
	EndGlobalSection
	GlobalSection(ProjectConfigurationPlatforms) = postSolution
		{D0D2ECC4-5309-4448-85F4-AC880F769FA1}.Debug|Any CPU.ActiveCfg = Debug|Any CPU
		{D0D2ECC4-5309-4448-85F4-AC880F769FA1}.Debug|Any CPU.Build.0 = Debug|Any CPU
		{D0D2ECC4-5309-4448-85F4-AC880F769FA1}.Release|Any CPU.ActiveCfg = Release|Any CPU
		{D0D2ECC4-5309-4448-85F4-AC880F769FA1}.Release|Any CPU.Build.0 = Release|Any CPU
	EndGlobalSection
	GlobalSection(SolutionProperties) = preSolution
		HideSolutionNode = FALSE
	EndGlobalSection
	GlobalSection(ExtensibilityGlobals) = postSolution
		SolutionGuid = {B3AEB5CC-8AA1-4246-A04B-CD1A8FC8FC34}
	EndGlobalSection
EndGlobal
